// !$*UTF8*$!
{
	archiveVersion = 1;
	classes = {
	};
	objectVersion = 77;
	objects = {

/* Begin PBXBuildFile section */
		13FE92742F6731E6000B46CC /* YapNotificationService.appex in Embed Foundation Extensions */ = {isa = PBXBuildFile; fileRef = 13FE926D2F6731E6000B46CC /* YapNotificationService.appex */; settings = {ATTRIBUTES = (RemoveHeadersOnCopy, ); }; };
		13FE92832F6735B8000B46CC /* Intents.framework in Frameworks */ = {isa = PBXBuildFile; fileRef = 13FE92822F6735B8000B46CC /* Intents.framework */; };
/* End PBXBuildFile section */

/* Begin PBXContainerItemProxy section */
		134837BF2F56EFA0005A9F3A /* PBXContainerItemProxy */ = {
			isa = PBXContainerItemProxy;
			containerPortal = 134837A92F56EF9F005A9F3A /* Project object */;
			proxyType = 1;
			remoteGlobalIDString = 134837B02F56EF9F005A9F3A;
			remoteInfo = Yap;
		};
		134837C92F56EFA0005A9F3A /* PBXContainerItemProxy */ = {
			isa = PBXContainerItemProxy;
			containerPortal = 134837A92F56EF9F005A9F3A /* Project object */;
			proxyType = 1;
			remoteGlobalIDString = 134837B02F56EF9F005A9F3A;
			remoteInfo = Yap;
		};
		13FE92722F6731E6000B46CC /* PBXContainerItemProxy */ = {
			isa = PBXContainerItemProxy;
			containerPortal = 134837A92F56EF9F005A9F3A /* Project object */;
			proxyType = 1;
			remoteGlobalIDString = 13FE926C2F6731E6000B46CC;
			remoteInfo = YapNotificationService;
		};
/* End PBXContainerItemProxy section */

/* Begin PBXCopyFilesBuildPhase section */
		13FE92792F6731E6000B46CC /* Embed Foundation Extensions */ = {
			isa = PBXCopyFilesBuildPhase;
			buildActionMask = 2147483647;
			dstPath = "";
			dstSubfolderSpec = 13;
			files = (
				13FE92742F6731E6000B46CC /* YapNotificationService.appex in Embed Foundation Extensions */,
			);
			name = "Embed Foundation Extensions";
			runOnlyForDeploymentPostprocessing = 0;
		};
/* End PBXCopyFilesBuildPhase section */

/* Begin PBXFileReference section */
		134837B12F56EF9F005A9F3A /* Yap.app */ = {isa = PBXFileReference; explicitFileType = wrapper.application; includeInIndex = 0; path = Yap.app; sourceTree = BUILT_PRODUCTS_DIR; };
		134837BE2F56EFA0005A9F3A /* YapTests.xctest */ = {isa = PBXFileReference; explicitFileType = wrapper.cfbundle; includeInIndex = 0; path = YapTests.xctest; sourceTree = BUILT_PRODUCTS_DIR; };
		134837C82F56EFA0005A9F3A /* YapUITests.xctest */ = {isa = PBXFileReference; explicitFileType = wrapper.cfbundle; includeInIndex = 0; path = YapUITests.xctest; sourceTree = BUILT_PRODUCTS_DIR; };
		13FE926D2F6731E6000B46CC /* YapNotificationService.appex */ = {isa = PBXFileReference; explicitFileType = "wrapper.app-extension"; includeInIndex = 0; path = YapNotificationService.appex; sourceTree = BUILT_PRODUCTS_DIR; };
		13FE92822F6735B8000B46CC /* Intents.framework */ = {isa = PBXFileReference; lastKnownFileType = wrapper.framework; name = Intents.framework; path = Platforms/iPhoneOS.platform/Developer/SDKs/iPhoneOS26.2.sdk/System/Library/Frameworks/Intents.framework; sourceTree = DEVELOPER_DIR; };
/* End PBXFileReference section */

/* Begin PBXFileSystemSynchronizedBuildFileExceptionSet section */
		13FE92682F6729B4000B46CC /* Exceptions for "Yap" folder in "Yap" target */ = {
			isa = PBXFileSystemSynchronizedBuildFileExceptionSet;
			membershipExceptions = (
				Info.plist,
			);
			target = 134837B02F56EF9F005A9F3A /* Yap */;
		};
		13FE92782F6731E6000B46CC /* Exceptions for "YapNotificationService" folder in "YapNotificationService" target */ = {
			isa = PBXFileSystemSynchronizedBuildFileExceptionSet;
			membershipExceptions = (
				Info.plist,
			);
			target = 13FE926C2F6731E6000B46CC /* YapNotificationService */;
		};
		13FE927B2F67322A000B46CC /* Exceptions for "Yap" folder in "YapNotificationService" target */ = {
			isa = PBXFileSystemSynchronizedBuildFileExceptionSet;
			membershipExceptions = (
				Assets.xcassets,
			);
			target = 13FE926C2F6731E6000B46CC /* YapNotificationService */;
		};
/* End PBXFileSystemSynchronizedBuildFileExceptionSet section */

/* Begin PBXFileSystemSynchronizedRootGroup section */
		134837B32F56EF9F005A9F3A /* Yap */ = {
			isa = PBXFileSystemSynchronizedRootGroup;
			exceptions = (
				13FE92682F6729B4000B46CC /* Exceptions for "Yap" folder in "Yap" target */,
				13FE927B2F67322A000B46CC /* Exceptions for "Yap" folder in "YapNotificationService" target */,
			);
			path = Yap;
			sourceTree = "<group>";
		};
		134837C12F56EFA0005A9F3A /* YapTests */ = {
			isa = PBXFileSystemSynchronizedRootGroup;
			path = YapTests;
			sourceTree = "<group>";
		};
		134837CB2F56EFA0005A9F3A /* YapUITests */ = {
			isa = PBXFileSystemSynchronizedRootGroup;
			path = YapUITests;
			sourceTree = "<group>";
		};
		13FE926E2F6731E6000B46CC /* YapNotificationService */ = {
			isa = PBXFileSystemSynchronizedRootGroup;
			exceptions = (
				13FE92782F6731E6000B46CC /* Exceptions for "YapNotificationService" folder in "YapNotificationService" target */,
			);
			path = YapNotificationService;
			sourceTree = "<group>";
		};
/* End PBXFileSystemSynchronizedRootGroup section */

/* Begin PBXFrameworksBuildPhase section */
		134837AE2F56EF9F005A9F3A /* Frameworks */ = {
			isa = PBXFrameworksBuildPhase;
			buildActionMask = 2147483647;
			files = (
			);
			runOnlyForDeploymentPostprocessing = 0;
		};
		134837BB2F56EFA0005A9F3A /* Frameworks */ = {
			isa = PBXFrameworksBuildPhase;
			buildActionMask = 2147483647;
			files = (
			);
			runOnlyForDeploymentPostprocessing = 0;
		};
		134837C52F56EFA0005A9F3A /* Frameworks */ = {
			isa = PBXFrameworksBuildPhase;
			buildActionMask = 2147483647;
			files = (
			);
			runOnlyForDeploymentPostprocessing = 0;
		};
		13FE926A2F6731E6000B46CC /* Frameworks */ = {
			isa = PBXFrameworksBuildPhase;
			buildActionMask = 2147483647;
			files = (
				13FE92832F6735B8000B46CC /* Intents.framework in Frameworks */,
			);
			runOnlyForDeploymentPostprocessing = 0;
		};
/* End PBXFrameworksBuildPhase section */

/* Begin PBXGroup section */
		134837A82F56EF9F005A9F3A = {
			isa = PBXGroup;
			children = (
				134837B32F56EF9F005A9F3A /* Yap */,
				134837C12F56EFA0005A9F3A /* YapTests */,
				134837CB2F56EFA0005A9F3A /* YapUITests */,
				13FE926E2F6731E6000B46CC /* YapNotificationService */,
				13FE92812F6735B8000B46CC /* Frameworks */,
				134837B22F56EF9F005A9F3A /* Products */,
			);
			sourceTree = "<group>";
		};
		134837B22F56EF9F005A9F3A /* Products */ = {
			isa = PBXGroup;
			children = (
				134837B12F56EF9F005A9F3A /* Yap.app */,
				134837BE2F56EFA0005A9F3A /* YapTests.xctest */,
				134837C82F56EFA0005A9F3A /* YapUITests.xctest */,
				13FE926D2F6731E6000B46CC /* YapNotificationService.appex */,
			);
			name = Products;
			sourceTree = "<group>";
		};
		13FE92812F6735B8000B46CC /* Frameworks */ = {
			isa = PBXGroup;
			children = (
				13FE92822F6735B8000B46CC /* Intents.framework */,
			);
			name = Frameworks;
			sourceTree = "<group>";
		};
/* End PBXGroup section */

/* Begin PBXNativeTarget section */
		134837B02F56EF9F005A9F3A /* Yap */ = {
			isa = PBXNativeTarget;
			buildConfigurationList = 134837D22F56EFA0005A9F3A /* Build configuration list for PBXNativeTarget "Yap" */;
			buildPhases = (
				134837AD2F56EF9F005A9F3A /* Sources */,
				134837AE2F56EF9F005A9F3A /* Frameworks */,
				134837AF2F56EF9F005A9F3A /* Resources */,
				13FE92792F6731E6000B46CC /* Embed Foundation Extensions */,
			);
			buildRules = (
			);
			dependencies = (
				13FE92732F6731E6000B46CC /* PBXTargetDependency */,
			);
			fileSystemSynchronizedGroups = (
				134837B32F56EF9F005A9F3A /* Yap */,
			);
			name = Yap;
			packageProductDependencies = (
			);
			productName = Yap;
			productReference = 134837B12F56EF9F005A9F3A /* Yap.app */;
			productType = "com.apple.product-type.application";
		};
		134837BD2F56EFA0005A9F3A /* YapTests */ = {
			isa = PBXNativeTarget;
			buildConfigurationList = 134837D52F56EFA0005A9F3A /* Build configuration list for PBXNativeTarget "YapTests" */;
			buildPhases = (
				134837BA2F56EFA0005A9F3A /* Sources */,
				134837BB2F56EFA0005A9F3A /* Frameworks */,
				134837BC2F56EFA0005A9F3A /* Resources */,
			);
			buildRules = (
			);
			dependencies = (
				134837C02F56EFA0005A9F3A /* PBXTargetDependency */,
			);
			fileSystemSynchronizedGroups = (
				134837C12F56EFA0005A9F3A /* YapTests */,
			);
			name = YapTests;
			packageProductDependencies = (
			);
			productName = YapTests;
			productReference = 134837BE2F56EFA0005A9F3A /* YapTests.xctest */;
			productType = "com.apple.product-type.bundle.unit-test";
		};
		134837C72F56EFA0005A9F3A /* YapUITests */ = {
			isa = PBXNativeTarget;
			buildConfigurationList = 134837D82F56EFA0005A9F3A /* Build configuration list for PBXNativeTarget "YapUITests" */;
			buildPhases = (
				134837C42F56EFA0005A9F3A /* Sources */,
				134837C52F56EFA0005A9F3A /* Frameworks */,
				134837C62F56EFA0005A9F3A /* Resources */,
			);
			buildRules = (
			);
			dependencies = (
				134837CA2F56EFA0005A9F3A /* PBXTargetDependency */,
			);
			fileSystemSynchronizedGroups = (
				134837CB2F56EFA0005A9F3A /* YapUITests */,
			);
			name = YapUITests;
			packageProductDependencies = (
			);
			productName = YapUITests;
			productReference = 134837C82F56EFA0005A9F3A /* YapUITests.xctest */;
			productType = "com.apple.product-type.bundle.ui-testing";
		};
		13FE926C2F6731E6000B46CC /* YapNotificationService */ = {
			isa = PBXNativeTarget;
			buildConfigurationList = 13FE92752F6731E6000B46CC /* Build configuration list for PBXNativeTarget "YapNotificationService" */;
			buildPhases = (
				13FE92692F6731E6000B46CC /* Sources */,
				13FE926A2F6731E6000B46CC /* Frameworks */,
				13FE926B2F6731E6000B46CC /* Resources */,
			);
			buildRules = (
			);
			dependencies = (
			);
			fileSystemSynchronizedGroups = (
				13FE926E2F6731E6000B46CC /* YapNotificationService */,
			);
			name = YapNotificationService;
			packageProductDependencies = (
			);
			productName = YapNotificationService;
			productReference = 13FE926D2F6731E6000B46CC /* YapNotificationService.appex */;
			productType = "com.apple.product-type.app-extension";
		};
/* End PBXNativeTarget section */

/* Begin PBXProject section */
		134837A92F56EF9F005A9F3A /* Project object */ = {
			isa = PBXProject;
			attributes = {
				BuildIndependentTargetsInParallel = 1;
				LastSwiftUpdateCheck = 2630;
				LastUpgradeCheck = 2630;
				TargetAttributes = {
					134837B02F56EF9F005A9F3A = {
						CreatedOnToolsVersion = 26.3;
					};
					134837BD2F56EFA0005A9F3A = {
						CreatedOnToolsVersion = 26.3;
						TestTargetID = 134837B02F56EF9F005A9F3A;
					};
					134837C72F56EFA0005A9F3A = {
						CreatedOnToolsVersion = 26.3;
						TestTargetID = 134837B02F56EF9F005A9F3A;
					};
					13FE926C2F6731E6000B46CC = {
						CreatedOnToolsVersion = 26.3;
					};
				};
			};
			buildConfigurationList = 134837AC2F56EF9F005A9F3A /* Build configuration list for PBXProject "Yap" */;
			developmentRegion = en;
			hasScannedForEncodings = 0;
			knownRegions = (
				en,
				Base,
				de,
				fr,
				es,
				"pt-BR",
				"pt-PT",
			);
			mainGroup = 134837A82F56EF9F005A9F3A;
			minimizedProjectReferenceProxies = 1;
			preferredProjectObjectVersion = 77;
			productRefGroup = 134837B22F56EF9F005A9F3A /* Products */;
			projectDirPath = "";
			projectRoot = "";
			targets = (
				134837B02F56EF9F005A9F3A /* Yap */,
				134837BD2F56EFA0005A9F3A /* YapTests */,
				134837C72F56EFA0005A9F3A /* YapUITests */,
				13FE926C2F6731E6000B46CC /* YapNotificationService */,
			);
		};
/* End PBXProject section */

/* Begin PBXResourcesBuildPhase section */
		134837AF2F56EF9F005A9F3A /* Resources */ = {
			isa = PBXResourcesBuildPhase;
			buildActionMask = 2147483647;
			files = (
			);
			runOnlyForDeploymentPostprocessing = 0;
		};
		134837BC2F56EFA0005A9F3A /* Resources */ = {
			isa = PBXResourcesBuildPhase;
			buildActionMask = 2147483647;
			files = (
			);
			runOnlyForDeploymentPostprocessing = 0;
		};
		134837C62F56EFA0005A9F3A /* Resources */ = {
			isa = PBXResourcesBuildPhase;
			buildActionMask = 2147483647;
			files = (
			);
			runOnlyForDeploymentPostprocessing = 0;
		};
		13FE926B2F6731E6000B46CC /* Resources */ = {
			isa = PBXResourcesBuildPhase;
			buildActionMask = 2147483647;
			files = (
			);
			runOnlyForDeploymentPostprocessing = 0;
		};
/* End PBXResourcesBuildPhase section */

/* Begin PBXSourcesBuildPhase section */
		134837AD2F56EF9F005A9F3A /* Sources */ = {
			isa = PBXSourcesBuildPhase;
			buildActionMask = 2147483647;
			files = (
			);
			runOnlyForDeploymentPostprocessing = 0;
		};
		134837BA2F56EFA0005A9F3A /* Sources */ = {
			isa = PBXSourcesBuildPhase;
			buildActionMask = 2147483647;
			files = (
			);
			runOnlyForDeploymentPostprocessing = 0;
		};
		134837C42F56EFA0005A9F3A /* Sources */ = {
			isa = PBXSourcesBuildPhase;
			buildActionMask = 2147483647;
			files = (
			);
			runOnlyForDeploymentPostprocessing = 0;
		};
		13FE92692F6731E6000B46CC /* Sources */ = {
			isa = PBXSourcesBuildPhase;
			buildActionMask = 2147483647;
			files = (
			);
			runOnlyForDeploymentPostprocessing = 0;
		};
/* End PBXSourcesBuildPhase section */

/* Begin PBXTargetDependency section */
		134837C02F56EFA0005A9F3A /* PBXTargetDependency */ = {
			isa = PBXTargetDependency;
			target = 134837B02F56EF9F005A9F3A /* Yap */;
			targetProxy = 134837BF2F56EFA0005A9F3A /* PBXContainerItemProxy */;
		};
		134837CA2F56EFA0005A9F3A /* PBXTargetDependency */ = {
			isa = PBXTargetDependency;
			target = 134837B02F56EF9F005A9F3A /* Yap */;
			targetProxy = 134837C92F56EFA0005A9F3A /* PBXContainerItemProxy */;
		};
		13FE92732F6731E6000B46CC /* PBXTargetDependency */ = {
			isa = PBXTargetDependency;
			target = 13FE926C2F6731E6000B46CC /* YapNotificationService */;
			targetProxy = 13FE92722F6731E6000B46CC /* PBXContainerItemProxy */;
		};
/* End PBXTargetDependency section */

/* Begin XCBuildConfiguration section */
		134837D02F56EFA0005A9F3A /* Debug */ = {
			isa = XCBuildConfiguration;
			buildSettings = {
				ALWAYS_SEARCH_USER_PATHS = NO;
				ASSETCATALOG_COMPILER_GENERATE_SWIFT_ASSET_SYMBOL_EXTENSIONS = YES;
				CLANG_ANALYZER_LOCALIZABILITY_NONLOCALIZED = YES;
				CLANG_ANALYZER_NONNULL = YES;
				CLANG_ANALYZER_NUMBER_OBJECT_CONVERSION = YES_AGGRESSIVE;
				CLANG_CXX_LANGUAGE_STANDARD = "gnu++20";
				CLANG_ENABLE_MODULES = YES;
				CLANG_ENABLE_OBJC_ARC = YES;
				CLANG_ENABLE_OBJC_WEAK = YES;
				CLANG_WARN_BLOCK_CAPTURE_AUTORELEASING = YES;
				CLANG_WARN_BOOL_CONVERSION = YES;
				CLANG_WARN_COMMA = YES;
				CLANG_WARN_CONSTANT_CONVERSION = YES;
				CLANG_WARN_DEPRECATED_OBJC_IMPLEMENTATIONS = YES;
				CLANG_WARN_DIRECT_OBJC_ISA_USAGE = YES_ERROR;
				CLANG_WARN_DOCUMENTATION_COMMENTS = YES;
				CLANG_WARN_EMPTY_BODY = YES;
				CLANG_WARN_ENUM_CONVERSION = YES;
				CLANG_WARN_INFINITE_RECURSION = YES;
				CLANG_WARN_INT_CONVERSION = YES;
				CLANG_WARN_NON_LITERAL_NULL_CONVERSION = YES;
				CLANG_WARN_OBJC_IMPLICIT_RETAIN_SELF = YES;
				CLANG_WARN_OBJC_LITERAL_CONVERSION = YES;
				CLANG_WARN_OBJC_ROOT_CLASS = YES_ERROR;
				CLANG_WARN_QUOTED_INCLUDE_IN_FRAMEWORK_HEADER = YES;
				CLANG_WARN_RANGE_LOOP_ANALYSIS = YES;
				CLANG_WARN_STRICT_PROTOTYPES = YES;
				CLANG_WARN_SUSPICIOUS_MOVE = YES;
				CLANG_WARN_UNGUARDED_AVAILABILITY = YES_AGGRESSIVE;
				CLANG_WARN_UNREACHABLE_CODE = YES;
				CLANG_WARN__DUPLICATE_METHOD_MATCH = YES;
				COPY_PHASE_STRIP = NO;
				DEBUG_INFORMATION_FORMAT = dwarf;
				DEVELOPMENT_TEAM = 98QF3H5LV4;
				ENABLE_STRICT_OBJC_MSGSEND = YES;
				ENABLE_TESTABILITY = YES;
				ENABLE_USER_SCRIPT_SANDBOXING = YES;
				GCC_C_LANGUAGE_STANDARD = gnu17;
				GCC_DYNAMIC_NO_PIC = NO;
				GCC_NO_COMMON_BLOCKS = YES;
				GCC_OPTIMIZATION_LEVEL = 0;
				GCC_PREPROCESSOR_DEFINITIONS = (
					"DEBUG=1",
					"$(inherited)",
				);
				GCC_WARN_64_TO_32_BIT_CONVERSION = YES;
				GCC_WARN_ABOUT_RETURN_TYPE = YES_ERROR;
				GCC_WARN_UNDECLARED_SELECTOR = YES;
				GCC_WARN_UNINITIALIZED_AUTOS = YES_AGGRESSIVE;
				GCC_WARN_UNUSED_FUNCTION = YES;
				GCC_WARN_UNUSED_VARIABLE = YES;
				LOCALIZATION_PREFERS_STRING_CATALOGS = YES;
				MTL_ENABLE_DEBUG_INFO = INCLUDE_SOURCE;
				MTL_FAST_MATH = YES;
				ONLY_ACTIVE_ARCH = YES;
				SWIFT_ACTIVE_COMPILATION_CONDITIONS = "DEBUG $(inherited)";
				SWIFT_EMIT_LOC_STRINGS = YES;
				SWIFT_OPTIMIZATION_LEVEL = "-Onone";
			};
			name = Debug;
		};
		134837D12F56EFA0005A9F3A /* Release */ = {
			isa = XCBuildConfiguration;
			buildSettings = {
				ALWAYS_SEARCH_USER_PATHS = NO;
				ASSETCATALOG_COMPILER_GENERATE_SWIFT_ASSET_SYMBOL_EXTENSIONS = YES;
				CLANG_ANALYZER_LOCALIZABILITY_NONLOCALIZED = YES;
				CLANG_ANALYZER_NONNULL = YES;
				CLANG_ANALYZER_NUMBER_OBJECT_CONVERSION = YES_AGGRESSIVE;
				CLANG_CXX_LANGUAGE_STANDARD = "gnu++20";
				CLANG_ENABLE_MODULES = YES;
				CLANG_ENABLE_OBJC_ARC = YES;
				CLANG_ENABLE_OBJC_WEAK = YES;
				CLANG_WARN_BLOCK_CAPTURE_AUTORELEASING = YES;
				CLANG_WARN_BOOL_CONVERSION = YES;
				CLANG_WARN_COMMA = YES;
				CLANG_WARN_CONSTANT_CONVERSION = YES;
				CLANG_WARN_DEPRECATED_OBJC_IMPLEMENTATIONS = YES;
				CLANG_WARN_DIRECT_OBJC_ISA_USAGE = YES_ERROR;
				CLANG_WARN_DOCUMENTATION_COMMENTS = YES;
				CLANG_WARN_EMPTY_BODY = YES;
				CLANG_WARN_ENUM_CONVERSION = YES;
				CLANG_WARN_INFINITE_RECURSION = YES;
				CLANG_WARN_INT_CONVERSION = YES;
				CLANG_WARN_NON_LITERAL_NULL_CONVERSION = YES;
				CLANG_WARN_OBJC_IMPLICIT_RETAIN_SELF = YES;
				CLANG_WARN_OBJC_LITERAL_CONVERSION = YES;
				CLANG_WARN_OBJC_ROOT_CLASS = YES_ERROR;
				CLANG_WARN_QUOTED_INCLUDE_IN_FRAMEWORK_HEADER = YES;
				CLANG_WARN_RANGE_LOOP_ANALYSIS = YES;
				CLANG_WARN_STRICT_PROTOTYPES = YES;
				CLANG_WARN_SUSPICIOUS_MOVE = YES;
				CLANG_WARN_UNGUARDED_AVAILABILITY = YES_AGGRESSIVE;
				CLANG_WARN_UNREACHABLE_CODE = YES;
				CLANG_WARN__DUPLICATE_METHOD_MATCH = YES;
				COPY_PHASE_STRIP = NO;
				DEBUG_INFORMATION_FORMAT = "dwarf-with-dsym";
				DEVELOPMENT_TEAM = 98QF3H5LV4;
				ENABLE_NS_ASSERTIONS = NO;
				ENABLE_STRICT_OBJC_MSGSEND = YES;
				ENABLE_USER_SCRIPT_SANDBOXING = YES;
				GCC_C_LANGUAGE_STANDARD = gnu17;
				GCC_NO_COMMON_BLOCKS = YES;
				GCC_WARN_64_TO_32_BIT_CONVERSION = YES;
				GCC_WARN_ABOUT_RETURN_TYPE = YES_ERROR;
				GCC_WARN_UNDECLARED_SELECTOR = YES;
				GCC_WARN_UNINITIALIZED_AUTOS = YES_AGGRESSIVE;
				GCC_WARN_UNUSED_FUNCTION = YES;
				GCC_WARN_UNUSED_VARIABLE = YES;
				LOCALIZATION_PREFERS_STRING_CATALOGS = YES;
				MTL_ENABLE_DEBUG_INFO = NO;
				MTL_FAST_MATH = YES;
				SWIFT_COMPILATION_MODE = wholemodule;
				SWIFT_EMIT_LOC_STRINGS = YES;
			};
			name = Release;
		};
		134837D32F56EFA0005A9F3A /* Debug */ = {
			isa = XCBuildConfiguration;
			buildSettings = {
				ASSETCATALOG_COMPILER_APPICON_NAME = AppIcon;
				ASSETCATALOG_COMPILER_GLOBAL_ACCENT_COLOR_NAME = AccentColor;
				CODE_SIGN_ENTITLEMENTS = Yap/Yap.entitlements;
				CODE_SIGN_STYLE = Automatic;
				CURRENT_PROJECT_VERSION = 1;
				DEVELOPMENT_TEAM = 98QF3H5LV4;
				ENABLE_APP_SANDBOX = YES;
				ENABLE_HARDENED_RUNTIME = YES;
				ENABLE_PREVIEWS = YES;
				ENABLE_USER_SELECTED_FILES = readonly;
				GENERATE_INFOPLIST_FILE = YES;
				INFOPLIST_FILE = Yap/Info.plist;
				"INFOPLIST_KEY_UIApplicationSceneManifest_Generation[sdk=iphoneos*]" = YES;
				"INFOPLIST_KEY_UIApplicationSceneManifest_Generation[sdk=iphonesimulator*]" = YES;
				"INFOPLIST_KEY_UIApplicationSupportsIndirectInputEvents[sdk=iphoneos*]" = YES;
				"INFOPLIST_KEY_UIApplicationSupportsIndirectInputEvents[sdk=iphonesimulator*]" = YES;
				"INFOPLIST_KEY_UILaunchScreen_Generation[sdk=iphoneos*]" = YES;
				"INFOPLIST_KEY_UILaunchScreen_Generation[sdk=iphonesimulator*]" = YES;
				"INFOPLIST_KEY_UIStatusBarStyle[sdk=iphoneos*]" = UIStatusBarStyleDefault;
				"INFOPLIST_KEY_UIStatusBarStyle[sdk=iphonesimulator*]" = UIStatusBarStyleDefault;
				INFOPLIST_KEY_UISupportedInterfaceOrientations = UIInterfaceOrientationPortrait;
				INFOPLIST_KEY_UISupportedInterfaceOrientations_iPad = "UIInterfaceOrientationLandscapeLeft UIInterfaceOrientationLandscapeRight UIInterfaceOrientationPortrait UIInterfaceOrientationPortraitUpsideDown";
				INFOPLIST_KEY_UIUserInterfaceStyle = Dark;
				IPHONEOS_DEPLOYMENT_TARGET = 26.2;
				LD_RUNPATH_SEARCH_PATHS = "@executable_path/Frameworks";
				"LD_RUNPATH_SEARCH_PATHS[sdk=macosx*]" = "@executable_path/../Frameworks";
				MACOSX_DEPLOYMENT_TARGET = 26.2;
				MARKETING_VERSION = 1.0;
				PRODUCT_BUNDLE_IDENTIFIER = com.phitsch.Yap;
				PRODUCT_NAME = "$(TARGET_NAME)";
				REGISTER_APP_GROUPS = YES;
				SDKROOT = auto;
				STRING_CATALOG_GENERATE_SYMBOLS = YES;
				SUPPORTED_PLATFORMS = "iphoneos iphonesimulator";
				SUPPORTS_MACCATALYST = NO;
				SWIFT_EMIT_LOC_STRINGS = YES;
				SWIFT_UPCOMING_FEATURE_MEMBER_IMPORT_VISIBILITY = YES;
				SWIFT_VERSION = 5.0;
				TARGETED_DEVICE_FAMILY = 1;
				XROS_DEPLOYMENT_TARGET = 26.2;
			};
			name = Debug;
		};
		134837D42F56EFA0005A9F3A /* Release */ = {
			isa = XCBuildConfiguration;
			buildSettings = {
				ASSETCATALOG_COMPILER_APPICON_NAME = AppIcon;
				ASSETCATALOG_COMPILER_GLOBAL_ACCENT_COLOR_NAME = AccentColor;
				CODE_SIGN_ENTITLEMENTS = Yap/Yap.entitlements;
				CODE_SIGN_STYLE = Automatic;
				CURRENT_PROJECT_VERSION = 1;
				DEVELOPMENT_TEAM = 98QF3H5LV4;
				ENABLE_APP_SANDBOX = YES;
				ENABLE_HARDENED_RUNTIME = YES;
				ENABLE_PREVIEWS = YES;
				ENABLE_USER_SELECTED_FILES = readonly;
				GENERATE_INFOPLIST_FILE = YES;
				INFOPLIST_FILE = Yap/Info.plist;
				"INFOPLIST_KEY_UIApplicationSceneManifest_Generation[sdk=iphoneos*]" = YES;
				"INFOPLIST_KEY_UIApplicationSceneManifest_Generation[sdk=iphonesimulator*]" = YES;
				"INFOPLIST_KEY_UIApplicationSupportsIndirectInputEvents[sdk=iphoneos*]" = YES;
				"INFOPLIST_KEY_UIApplicationSupportsIndirectInputEvents[sdk=iphonesimulator*]" = YES;
				"INFOPLIST_KEY_UILaunchScreen_Generation[sdk=iphoneos*]" = YES;
				"INFOPLIST_KEY_UILaunchScreen_Generation[sdk=iphonesimulator*]" = YES;
				"INFOPLIST_KEY_UIStatusBarStyle[sdk=iphoneos*]" = UIStatusBarStyleDefault;
				"INFOPLIST_KEY_UIStatusBarStyle[sdk=iphonesimulator*]" = UIStatusBarStyleDefault;
				INFOPLIST_KEY_UISupportedInterfaceOrientations = UIInterfaceOrientationPortrait;
				INFOPLIST_KEY_UISupportedInterfaceOrientations_iPad = "UIInterfaceOrientationLandscapeLeft UIInterfaceOrientationLandscapeRight UIInterfaceOrientationPortrait UIInterfaceOrientationPortraitUpsideDown";
				INFOPLIST_KEY_UIUserInterfaceStyle = Dark;
				IPHONEOS_DEPLOYMENT_TARGET = 26.2;
				LD_RUNPATH_SEARCH_PATHS = "@executable_path/Frameworks";
				"LD_RUNPATH_SEARCH_PATHS[sdk=macosx*]" = "@executable_path/../Frameworks";
				MACOSX_DEPLOYMENT_TARGET = 26.2;
				MARKETING_VERSION = 1.0;
				PRODUCT_BUNDLE_IDENTIFIER = com.phitsch.Yap;
				PRODUCT_NAME = "$(TARGET_NAME)";
				REGISTER_APP_GROUPS = YES;
				SDKROOT = auto;
				STRING_CATALOG_GENERATE_SYMBOLS = YES;
				SUPPORTED_PLATFORMS = "iphoneos iphonesimulator";
				SUPPORTS_MACCATALYST = NO;
				SWIFT_EMIT_LOC_STRINGS = YES;
				SWIFT_UPCOMING_FEATURE_MEMBER_IMPORT_VISIBILITY = YES;
				SWIFT_VERSION = 5.0;
				TARGETED_DEVICE_FAMILY = 1;
				XROS_DEPLOYMENT_TARGET = 26.2;
			};
			name = Release;
		};
		134837D62F56EFA0005A9F3A /* Debug */ = {
			isa = XCBuildConfiguration;
			buildSettings = {
				BUNDLE_LOADER = "$(TEST_HOST)";
				CODE_SIGN_STYLE = Automatic;
				CURRENT_PROJECT_VERSION = 1;
				DEVELOPMENT_TEAM = 98QF3H5LV4;
				GENERATE_INFOPLIST_FILE = YES;
				IPHONEOS_DEPLOYMENT_TARGET = 26.2;
				MACOSX_DEPLOYMENT_TARGET = 26.2;
				MARKETING_VERSION = 1.0;
				PRODUCT_BUNDLE_IDENTIFIER = com.phitsch.YapTests;
				PRODUCT_NAME = "$(TARGET_NAME)";
				SDKROOT = auto;
				STRING_CATALOG_GENERATE_SYMBOLS = NO;
				SUPPORTED_PLATFORMS = "iphoneos iphonesimulator macosx xros xrsimulator";
				SWIFT_EMIT_LOC_STRINGS = NO;
				SWIFT_UPCOMING_FEATURE_MEMBER_IMPORT_VISIBILITY = YES;
				SWIFT_VERSION = 5.0;
				TARGETED_DEVICE_FAMILY = "1,2,7";
				TEST_HOST = "$(BUILT_PRODUCTS_DIR)/Yap.app/$(BUNDLE_EXECUTABLE_FOLDER_PATH)/Yap";
				XROS_DEPLOYMENT_TARGET = 26.2;
			};
			name = Debug;
		};
		134837D72F56EFA0005A9F3A /* Release */ = {
			isa = XCBuildConfiguration;
			buildSettings = {
				BUNDLE_LOADER = "$(TEST_HOST)";
				CODE_SIGN_STYLE = Automatic;
				CURRENT_PROJECT_VERSION = 1;
				DEVELOPMENT_TEAM = 98QF3H5LV4;
				GENERATE_INFOPLIST_FILE = YES;
				IPHONEOS_DEPLOYMENT_TARGET = 26.2;
				MACOSX_DEPLOYMENT_TARGET = 26.2;
				MARKETING_VERSION = 1.0;
				PRODUCT_BUNDLE_IDENTIFIER = com.phitsch.YapTests;
				PRODUCT_NAME = "$(TARGET_NAME)";
				SDKROOT = auto;
				STRING_CATALOG_GENERATE_SYMBOLS = NO;
				SUPPORTED_PLATFORMS = "iphoneos iphonesimulator macosx xros xrsimulator";
				SWIFT_EMIT_LOC_STRINGS = NO;
				SWIFT_UPCOMING_FEATURE_MEMBER_IMPORT_VISIBILITY = YES;
				SWIFT_VERSION = 5.0;
				TARGETED_DEVICE_FAMILY = "1,2,7";
				TEST_HOST = "$(BUILT_PRODUCTS_DIR)/Yap.app/$(BUNDLE_EXECUTABLE_FOLDER_PATH)/Yap";
				XROS_DEPLOYMENT_TARGET = 26.2;
			};
			name = Release;
		};
		134837D92F56EFA0005A9F3A /* Debug */ = {
			isa = XCBuildConfiguration;
			buildSettings = {
				CODE_SIGN_STYLE = Automatic;
				CURRENT_PROJECT_VERSION = 1;
				DEVELOPMENT_TEAM = 98QF3H5LV4;
				GENERATE_INFOPLIST_FILE = YES;
				IPHONEOS_DEPLOYMENT_TARGET = 26.2;
				MACOSX_DEPLOYMENT_TARGET = 26.2;
				MARKETING_VERSION = 1.0;
				PRODUCT_BUNDLE_IDENTIFIER = com.phitsch.YapUITests;
				PRODUCT_NAME = "$(TARGET_NAME)";
				SDKROOT = auto;
				STRING_CATALOG_GENERATE_SYMBOLS = NO;
				SUPPORTED_PLATFORMS = "iphoneos iphonesimulator macosx xros xrsimulator";
				SWIFT_EMIT_LOC_STRINGS = NO;
				SWIFT_UPCOMING_FEATURE_MEMBER_IMPORT_VISIBILITY = YES;
				SWIFT_VERSION = 5.0;
				TARGETED_DEVICE_FAMILY = "1,2,7";
				TEST_TARGET_NAME = Yap;
				XROS_DEPLOYMENT_TARGET = 26.2;
			};
			name = Debug;
		};
		134837DA2F56EFA0005A9F3A /* Release */ = {
			isa = XCBuildConfiguration;
			buildSettings = {
				CODE_SIGN_STYLE = Automatic;
				CURRENT_PROJECT_VERSION = 1;
				DEVELOPMENT_TEAM = 98QF3H5LV4;
				GENERATE_INFOPLIST_FILE = YES;
				IPHONEOS_DEPLOYMENT_TARGET = 26.2;
				MACOSX_DEPLOYMENT_TARGET = 26.2;
				MARKETING_VERSION = 1.0;
				PRODUCT_BUNDLE_IDENTIFIER = com.phitsch.YapUITests;
				PRODUCT_NAME = "$(TARGET_NAME)";
				SDKROOT = auto;
				STRING_CATALOG_GENERATE_SYMBOLS = NO;
				SUPPORTED_PLATFORMS = "iphoneos iphonesimulator macosx xros xrsimulator";
				SWIFT_EMIT_LOC_STRINGS = NO;
				SWIFT_UPCOMING_FEATURE_MEMBER_IMPORT_VISIBILITY = YES;
				SWIFT_VERSION = 5.0;
				TARGETED_DEVICE_FAMILY = "1,2,7";
				TEST_TARGET_NAME = Yap;
				XROS_DEPLOYMENT_TARGET = 26.2;
			};
			name = Release;
		};
		13FE92762F6731E6000B46CC /* Debug */ = {
			isa = XCBuildConfiguration;
			buildSettings = {
				CODE_SIGN_STYLE = Automatic;
				CURRENT_PROJECT_VERSION = 1;
				DEVELOPMENT_TEAM = 98QF3H5LV4;
				GENERATE_INFOPLIST_FILE = YES;
				INFOPLIST_FILE = YapNotificationService/Info.plist;
				INFOPLIST_KEY_CFBundleDisplayName = YapNotificationService;
				INFOPLIST_KEY_NSHumanReadableCopyright = "";
				IPHONEOS_DEPLOYMENT_TARGET = 26.2;
				LD_RUNPATH_SEARCH_PATHS = (
					"$(inherited)",
					"@executable_path/Frameworks",
					"@executable_path/../../Frameworks",
				);
				MARKETING_VERSION = 1.0;
				PRODUCT_BUNDLE_IDENTIFIER = com.phitsch.Yap.YapNotificationService;
				PRODUCT_NAME = "$(TARGET_NAME)";
				SDKROOT = iphoneos;
				SKIP_INSTALL = YES;
				STRING_CATALOG_GENERATE_SYMBOLS = YES;
				SWIFT_APPROACHABLE_CONCURRENCY = YES;
				SWIFT_EMIT_LOC_STRINGS = YES;
				SWIFT_UPCOMING_FEATURE_MEMBER_IMPORT_VISIBILITY = YES;
				SWIFT_VERSION = 5.0;
				TARGETED_DEVICE_FAMILY = "1,2";
			};
			name = Debug;
		};
		13FE92772F6731E6000B46CC /* Release */ = {
			isa = XCBuildConfiguration;
			buildSettings = {
				CODE_SIGN_STYLE = Automatic;
				CURRENT_PROJECT_VERSION = 1;
				DEVELOPMENT_TEAM = 98QF3H5LV4;
				GENERATE_INFOPLIST_FILE = YES;
				INFOPLIST_FILE = YapNotificationService/Info.plist;
				INFOPLIST_KEY_CFBundleDisplayName = YapNotificationService;
				INFOPLIST_KEY_NSHumanReadableCopyright = "";
				IPHONEOS_DEPLOYMENT_TARGET = 26.2;
				LD_RUNPATH_SEARCH_PATHS = (
					"$(inherited)",
					"@executable_path/Frameworks",
					"@executable_path/../../Frameworks",
				);
				MARKETING_VERSION = 1.0;
				PRODUCT_BUNDLE_IDENTIFIER = com.phitsch.Yap.YapNotificationService;
				PRODUCT_NAME = "$(TARGET_NAME)";
				SDKROOT = iphoneos;
				SKIP_INSTALL = YES;
				STRING_CATALOG_GENERATE_SYMBOLS = YES;
				SWIFT_APPROACHABLE_CONCURRENCY = YES;
				SWIFT_EMIT_LOC_STRINGS = YES;
				SWIFT_UPCOMING_FEATURE_MEMBER_IMPORT_VISIBILITY = YES;
				SWIFT_VERSION = 5.0;
				TARGETED_DEVICE_FAMILY = "1,2";
				VALIDATE_PRODUCT = YES;
			};
			name = Release;
		};
/* End XCBuildConfiguration section */

/* Begin XCConfigurationList section */
		134837AC2F56EF9F005A9F3A /* Build configuration list for PBXProject "Yap" */ = {
			isa = XCConfigurationList;
			buildConfigurations = (
				134837D02F56EFA0005A9F3A /* Debug */,
				134837D12F56EFA0005A9F3A /* Release */,
			);
			defaultConfigurationIsVisible = 0;
			defaultConfigurationName = Release;
		};
		134837D22F56EFA0005A9F3A /* Build configuration list for PBXNativeTarget "Yap" */ = {
			isa = XCConfigurationList;
			buildConfigurations = (
				134837D32F56EFA0005A9F3A /* Debug */,
				134837D42F56EFA0005A9F3A /* Release */,
			);
			defaultConfigurationIsVisible = 0;
			defaultConfigurationName = Release;
		};
		134837D52F56EFA0005A9F3A /* Build configuration list for PBXNativeTarget "YapTests" */ = {
			isa = XCConfigurationList;
			buildConfigurations = (
				134837D62F56EFA0005A9F3A /* Debug */,
				134837D72F56EFA0005A9F3A /* Release */,
			);
			defaultConfigurationIsVisible = 0;
			defaultConfigurationName = Release;
		};
		134837D82F56EFA0005A9F3A /* Build configuration list for PBXNativeTarget "YapUITests" */ = {
			isa = XCConfigurationList;
			buildConfigurations = (
				134837D92F56EFA0005A9F3A /* Debug */,
				134837DA2F56EFA0005A9F3A /* Release */,
			);
			defaultConfigurationIsVisible = 0;
			defaultConfigurationName = Release;
		};
		13FE92752F6731E6000B46CC /* Build configuration list for PBXNativeTarget "YapNotificationService" */ = {
			isa = XCConfigurationList;
			buildConfigurations = (
				13FE92762F6731E6000B46CC /* Debug */,
				13FE92772F6731E6000B46CC /* Release */,
			);
			defaultConfigurationIsVisible = 0;
			defaultConfigurationName = Release;
		};
/* End XCConfigurationList section */
	};
	rootObject = 134837A92F56EF9F005A9F3A /* Project object */;
}
